<?xml version="1.0" encoding="utf-8"?>
<Project ToolsVersion="4.0" xmlns="http://schemas.microsoft.com/developer/msbuild/2003">
  <ItemGroup>
    <Filter Include="Source Files">
      <UniqueIdentifier>{4FC737F1-C7A5-4376-A066-2A32D752A2FF}</UniqueIdentifier>
      <Extensions>cpp;c;cc;cxx;def;odl;idl;hpj;bat;asm;asmx</Extensions>
    </Filter>
    <Filter Include="Header Files">
      <UniqueIdentifier>{93995380-89BD-4b04-88EB-625FBE52EBFB}</UniqueIdentifier>
      <Extensions>h;hh;hpp;hxx;hm;inl;inc;xsd</Extensions>
    </Filter>
    <Filter Include="Resource Files">
      <UniqueIdentifier>{67DA6AB6-F800-4c08-8B7A-83BB121AAD01}</UniqueIdentifier>
      <Extensions>rc;ico;cur;bmp;dlg;rc2;rct;bin;rgs;gif;jpg;jpeg;jpe;resx;tiff;tif;png;wav;mfcribbon-ms</Extensions>
    </Filter>
    <Filter Include="Resource Files">
      <UniqueIdentifier>{D9D6E242-F8AF-46E4-B9FD-80ECBC20BA3E}</UniqueIdentifier>
      <Extensions>qrc;*</Extensions>
      <ParseFiles>false</ParseFiles>
    </Filter>
    <Filter Include="Header Files\entity">
      <UniqueIdentifier>{917d98e0-d0a9-4bcf-9418-b927678f4b83}</UniqueIdentifier>
    </Filter>
    <Filter Include="Header Files\builder">
      <UniqueIdentifier>{aaff90b4-da78-4437-951e-b8cd4a4b39e5}</UniqueIdentifier>
    </Filter>
    <Filter Include="Header Files\condition">
      <UniqueIdentifier>{efa75df7-7665-43e1-b6b9-6c62e8b2bb29}</UniqueIdentifier>
    </Filter>
    <Filter Include="Header Files\dbclients">
      <UniqueIdentifier>{39629c0e-f551-498e-b0e4-95f79fd150c6}</UniqueIdentifier>
    </Filter>
    <Filter Include="Header Files\macro">
      <UniqueIdentifier>{c413107c-5f67-455f-ad5c-586374201578}</UniqueIdentifier>
    </Filter>
    <Filter Include="Header Files\query">
      <UniqueIdentifier>{f771f528-8f30-4425-85d8-89187b8a1c27}</UniqueIdentifier>
    </Filter>
    <Filter Include="Source Files\builder">
      <UniqueIdentifier>{38474b50-e313-438e-b327-b673ea1f09a6}</UniqueIdentifier>
    </Filter>
    <Filter Include="Source Files\condition">
      <UniqueIdentifier>{2baf88fa-76aa-4bfa-a5ea-19fdb3aeef08}</UniqueIdentifier>
    </Filter>
    <Filter Include="Source Files\dbclients">
      <UniqueIdentifier>{6f0ecb0b-33e0-410c-94b0-f38361b07d4b}</UniqueIdentifier>
    </Filter>
    <Filter Include="Source Files\query">
      <UniqueIdentifier>{2c6b792a-64b5-4a88-ba1f-042100865420}</UniqueIdentifier>
    </Filter>
  </ItemGroup>
  <ItemGroup>
    <ClCompile Include="src\query\BaseQuery.cpp">
      <Filter>Source Files\query</Filter>
    </ClCompile>
    <ClCompile Include="src\dbclients\SqliteClient.cpp">
      <Filter>Source Files\dbclients</Filter>
    </ClCompile>
    <ClCompile Include="src\dbclients\MysqlClient.cpp">
      <Filter>Source Files\dbclients</Filter>
    </ClCompile>
    <ClCompile Include="src\dbclients\SqlServerClient.cpp">
      <Filter>Source Files\dbclients</Filter>
    </ClCompile>
    <ClCompile Include="src\condition\EntityCondition.cpp">
      <Filter>Source Files\condition</Filter>
    </ClCompile>
    <ClCompile Include="src\condition\ConditionConstraint.cpp">
      <Filter>Source Files\condition</Filter>
    </ClCompile>
    <ClCompile Include="src\condition\ConnectorData.cpp">
      <Filter>Source Files\condition</Filter>
    </ClCompile>
    <ClCompile Include="src\condition\FunctionCondition.cpp">
      <Filter>Source Files\condition</Filter>
    </ClCompile>
    <ClCompile Include="src\builder\BaseQueryBuilder.cpp">
      <Filter>Source Files\builder</Filter>
    </ClCompile>
    <ClCompile Include="src\dbclients\AbstractClient.cpp">
      <Filter>Source Files\dbclients</Filter>
    </ClCompile>
    <ClCompile Include="src\query\SqliteLockControl.cpp">
      <Filter>Source Files\query</Filter>
    </ClCompile>
    <ClCompile Include="src\qtdao.cpp">
      <Filter>Source Files</Filter>
    </ClCompile>
    <ClCompile Include="src\ConnectionPool.cpp">
      <Filter>Source Files</Filter>
    </ClCompile>
    <ClCompile Include="src\DbLoader.cpp">
      <Filter>Source Files</Filter>
    </ClCompile>
  </ItemGroup>
  <ItemGroup>
    <ClInclude Include="include\ConnectionPool.h">
      <Filter>Header Files</Filter>
    </ClInclude>
    <ClInclude Include="include\dao.h">
      <Filter>Header Files</Filter>
    </ClInclude>
    <ClInclude Include="include\DbConfig.h">
      <Filter>Header Files</Filter>
    </ClInclude>
    <ClInclude Include="include\DbExceptionHandler.h">
      <Filter>Header Files</Filter>
    </ClInclude>
    <ClInclude Include="include\DbLoader.h">
      <Filter>Header Files</Filter>
    </ClInclude>
    <ClInclude Include="include\builder\BaseQueryBuilder.h">
      <Filter>Header Files\builder</Filter>
    </ClInclude>
    <ClInclude Include="include\builder\CountBuilder.h">
      <Filter>Header Files\builder</Filter>
    </ClInclude>
    <ClInclude Include="include\builder\DeleteBuilder.h">
      <Filter>Header Files\builder</Filter>
    </ClInclude>
    <ClInclude Include="include\builder\InsertBuilder.h">
      <Filter>Header Files\builder</Filter>
    </ClInclude>
    <ClInclude Include="include\builder\InsertIntoSelectBuilder.h">
      <Filter>Header Files\builder</Filter>
    </ClInclude>
    <ClInclude Include="include\builder\JoinBuilder.h">
      <Filter>Header Files\builder</Filter>
    </ClInclude>
    <ClInclude Include="include\builder\RecursiveQueryBuilder.h">
      <Filter>Header Files\builder</Filter>
    </ClInclude>
    <ClInclude Include="include\builder\SelectBuilder.h">
      <Filter>Header Files\builder</Filter>
    </ClInclude>
    <ClInclude Include="include\builder\UpdateBuilder.h">
      <Filter>Header Files\builder</Filter>
    </ClInclude>
    <ClInclude Include="include\condition\ConditionConstraint.h">
      <Filter>Header Files\condition</Filter>
    </ClInclude>
    <ClInclude Include="include\condition\ConditionOperator.h">
      <Filter>Header Files\condition</Filter>
    </ClInclude>
    <ClInclude Include="include\condition\Connector.h">
      <Filter>Header Files\condition</Filter>
    </ClInclude>
    <ClInclude Include="include\condition\ConnectorData.h">
      <Filter>Header Files\condition</Filter>
    </ClInclude>
    <ClInclude Include="include\condition\EntityCondition.h">
      <Filter>Header Files\condition</Filter>
    </ClInclude>
    <ClInclude Include="include\condition\EntityConditionData.h">
      <Filter>Header Files\condition</Filter>
    </ClInclude>
    <ClInclude Include="include\condition\EntityField.h">
      <Filter>Header Files\condition</Filter>
    </ClInclude>
    <ClInclude Include="include\condition\FunctionCondition.h">
      <Filter>Header Files\condition</Filter>
    </ClInclude>
    <ClInclude Include="include\condition\FunctionConditionData.h">
      <Filter>Header Files\condition</Filter>
    </ClInclude>
    <ClInclude Include="include\dbclients\AbstractClient.h">
      <Filter>Header Files\dbclients</Filter>
    </ClInclude>
    <ClInclude Include="include\dbclients\MysqlClient.h">
      <Filter>Header Files\dbclients</Filter>
    </ClInclude>
    <ClInclude Include="include\dbclients\SqliteClient.h">
      <Filter>Header Files\dbclients</Filter>
    </ClInclude>
    <ClInclude Include="include\dbclients\SqlServerClient.h">
      <Filter>Header Files\dbclients</Filter>
    </ClInclude>
    <ClInclude Include="include\macro\macro.h">
      <Filter>Header Files\macro</Filter>
    </ClInclude>
    <ClInclude Include="include\query\BaseQuery.h">
      <Filter>Header Files\query</Filter>
    </ClInclude>
    <ClInclude Include="include\query\Delete.h">
      <Filter>Header Files\query</Filter>
    </ClInclude>
    <ClInclude Include="include\query\ExplainInfo.h">
      <Filter>Header Files\query</Filter>
    </ClInclude>
    <ClInclude Include="include\query\Insert.h">
      <Filter>Header Files\query</Filter>
    </ClInclude>
    <ClInclude Include="include\query\InsertIntoSelect.h">
      <Filter>Header Files\query</Filter>
    </ClInclude>
    <ClInclude Include="include\query\Join.h">
      <Filter>Header Files\query</Filter>
    </ClInclude>
    <ClInclude Include="include\query\Select.h">
      <Filter>Header Files\query</Filter>
    </ClInclude>
    <ClInclude Include="include\query\SqliteLockControl.h">
      <Filter>Header Files\query</Filter>
    </ClInclude>
    <ClInclude Include="include\query\Update.h">
      <Filter>Header Files\query</Filter>
    </ClInclude>
  </ItemGroup>
  <ItemGroup>
    <Xml Include="entity\sqlite_entity.xml">
      <Filter>Header Files\entity</Filter>
    </Xml>
    <Xml Include="entity\mysql_entity.xml">
      <Filter>Header Files\entity</Filter>
    </Xml>
  </ItemGroup>
  <ItemGroup>
    <Xsd Include="entity\mysql_entity.xsd">
      <Filter>Header Files\entity</Filter>
    </Xsd>
    <Xsd Include="entity\sqlite_entity.xsd">
      <Filter>Header Files\entity</Filter>
    </Xsd>
  </ItemGroup>
  <ItemGroup>
    <QtRcc Include="resource.qrc">
      <Filter>Resource Files</Filter>
    </QtRcc>
  </ItemGroup>
  <ItemGroup>
    <None Include="readme.md">
      <Filter>Resource Files</Filter>
    </None>
    <None Include="todo\readme.md">
      <Filter>Resource Files</Filter>
    </None>
  </ItemGroup>
</Project>