<?xml version="1.0" encoding="utf-8"?>
<Project ToolsVersion="4.0" xmlns="http://schemas.microsoft.com/developer/msbuild/2003">
  <ItemGroup>
    <Filter Include="Source Files">
      <UniqueIdentifier>{4FC737F1-C7A5-4376-A066-2A32D752A2FF}</UniqueIdentifier>
      <Extensions>cpp;c;cc;cxx;def;odl;idl;hpj;bat;asm;asmx</Extensions>
    </Filter>
    <Filter Include="Header Files">
      <UniqueIdentifier>{93995380-89BD-4b04-88EB-625FBE52EBFB}</UniqueIdentifier>
      <Extensions>h;hh;hpp;hxx;hm;inl;inc;xsd</Extensions>
    </Filter>
    <Filter Include="Resource Files">
      <UniqueIdentifier>{67DA6AB6-F800-4c08-8B7A-83BB121AAD01}</UniqueIdentifier>
      <Extensions>rc;ico;cur;bmp;dlg;rc2;rct;bin;rgs;gif;jpg;jpeg;jpe;resx;tiff;tif;png;wav;mfcribbon-ms</Extensions>
    </Filter>
    <Filter Include="Resource Files">
      <UniqueIdentifier>{D9D6E242-F8AF-46E4-B9FD-80ECBC20BA3E}</UniqueIdentifier>
      <Extensions>qrc;*</Extensions>
      <ParseFiles>false</ParseFiles>
    </Filter>
    <Filter Include="Source Files\src">
      <UniqueIdentifier>{2f2a9901-78bf-42f6-b816-2f54c7fdb232}</UniqueIdentifier>
    </Filter>
    <Filter Include="Header Files\src">
      <UniqueIdentifier>{708e9fbc-1dee-47a5-aa18-85f4f7e15fd4}</UniqueIdentifier>
    </Filter>
    <Filter Include="Header Files\entity">
      <UniqueIdentifier>{917d98e0-d0a9-4bcf-9418-b927678f4b83}</UniqueIdentifier>
    </Filter>
    <Filter Include="Header Files\test">
      <UniqueIdentifier>{061c9037-8f76-492b-8291-fc9aedc4feb8}</UniqueIdentifier>
    </Filter>
    <Filter Include="Source Files\test">
      <UniqueIdentifier>{a29209db-bebc-413a-b062-ad5c1afbe151}</UniqueIdentifier>
    </Filter>
    <Filter Include="Header Files\src\query">
      <UniqueIdentifier>{4a699cbb-7fe8-4457-9194-3673dc28003e}</UniqueIdentifier>
    </Filter>
    <Filter Include="Source Files\src\query">
      <UniqueIdentifier>{2c6b792a-64b5-4a88-ba1f-042100865420}</UniqueIdentifier>
    </Filter>
    <Filter Include="Source Files\test\query">
      <UniqueIdentifier>{50d53be7-4737-4ab7-ae96-7c9a851a7e51}</UniqueIdentifier>
    </Filter>
    <Filter Include="Header Files\test\query">
      <UniqueIdentifier>{c2b9c9b1-c62d-4cc0-afe0-e9b160aa5141}</UniqueIdentifier>
    </Filter>
    <Filter Include="Header Files\src\dbclients">
      <UniqueIdentifier>{6a046438-015d-430a-94aa-736289efa56c}</UniqueIdentifier>
    </Filter>
    <Filter Include="Source Files\src\dbclients">
      <UniqueIdentifier>{6f0ecb0b-33e0-410c-94b0-f38361b07d4b}</UniqueIdentifier>
    </Filter>
    <Filter Include="Header Files\test\loader">
      <UniqueIdentifier>{6312f5f9-1787-4547-80c5-facbf609b60b}</UniqueIdentifier>
    </Filter>
    <Filter Include="Source Files\test\loader">
      <UniqueIdentifier>{91a1b60b-752a-40f3-a0dc-269f7a398b1b}</UniqueIdentifier>
    </Filter>
    <Filter Include="Header Files\test\sqliteentity">
      <UniqueIdentifier>{11b59312-025f-4563-860b-638de94940aa}</UniqueIdentifier>
    </Filter>
    <Filter Include="Header Files\src\condition">
      <UniqueIdentifier>{1d24ac95-fe0d-4eb1-a852-0cf74b8354be}</UniqueIdentifier>
    </Filter>
    <Filter Include="Source Files\src\condition">
      <UniqueIdentifier>{2baf88fa-76aa-4bfa-a5ea-19fdb3aeef08}</UniqueIdentifier>
    </Filter>
    <Filter Include="Source Files\test\condition">
      <UniqueIdentifier>{6397f782-a6b0-4051-9c85-ec1aad1200b0}</UniqueIdentifier>
    </Filter>
    <Filter Include="Header Files\test\condition">
      <UniqueIdentifier>{e5129d86-3fdb-4205-8969-ab765363d71e}</UniqueIdentifier>
    </Filter>
    <Filter Include="Header Files\src\builder">
      <UniqueIdentifier>{6bf656e7-de92-4d41-bcc0-e6c37bb88fee}</UniqueIdentifier>
    </Filter>
  </ItemGroup>
  <ItemGroup>
    <ClCompile Include="main.cpp">
      <Filter>Source Files</Filter>
    </ClCompile>
    <ClCompile Include="src\ConnectionPool.cpp">
      <Filter>Source Files\src</Filter>
    </ClCompile>
    <ClCompile Include="src\DaoUtil.cpp">
      <Filter>Source Files\src</Filter>
    </ClCompile>
    <ClCompile Include="src\EntityConditions.cpp">
      <Filter>Source Files\src</Filter>
    </ClCompile>
    <ClCompile Include="src\EntityField.cpp">
      <Filter>Source Files\src</Filter>
    </ClCompile>
    <ClCompile Include="src\EntityFunction.cpp">
      <Filter>Source Files\src</Filter>
    </ClCompile>
    <ClCompile Include="src\DbLoader.cpp">
      <Filter>Source Files\src</Filter>
    </ClCompile>
    <ClCompile Include="test\ConnectionPoolTest.cpp">
      <Filter>Source Files\test</Filter>
    </ClCompile>
    <ClCompile Include="src\qtdao.cpp">
      <Filter>Source Files\src</Filter>
    </ClCompile>
    <ClCompile Include="src\query\BaseQuery.cpp">
      <Filter>Source Files\src\query</Filter>
    </ClCompile>
    <ClCompile Include="test\query\BaseQueryTest.cpp">
      <Filter>Source Files\test\query</Filter>
    </ClCompile>
    <ClCompile Include="src\dbclients\SqliteClient.cpp">
      <Filter>Source Files\src\dbclients</Filter>
    </ClCompile>
    <ClCompile Include="src\dbclients\MysqlClient.cpp">
      <Filter>Source Files\src\dbclients</Filter>
    </ClCompile>
    <ClCompile Include="src\dbclients\SqlServerClient.cpp">
      <Filter>Source Files\src\dbclients</Filter>
    </ClCompile>
    <ClCompile Include="test\loader\DbLoaderTest.cpp">
      <Filter>Source Files\test\loader</Filter>
    </ClCompile>
    <ClCompile Include="test\sqliteentity\EntityInclude.cpp">
      <Filter>Header Files\test\sqliteentity</Filter>
    </ClCompile>
    <ClCompile Include="src\dbclients\AbstractClient.cpp">
      <Filter>Source Files\src\dbclients</Filter>
    </ClCompile>
    <ClCompile Include="src\condition\EntityCondition.cpp">
      <Filter>Source Files\src\condition</Filter>
    </ClCompile>
    <ClCompile Include="test\condition\ConnectorTest.cpp">
      <Filter>Source Files\test\condition</Filter>
    </ClCompile>
    <ClCompile Include="src\condition\ConditionConstraint.cpp">
      <Filter>Source Files\src\condition</Filter>
    </ClCompile>
    <ClCompile Include="test\query\InsertTest.cpp">
      <Filter>Source Files\test\query</Filter>
    </ClCompile>
    <ClCompile Include="src\condition\ConnectorData.cpp">
      <Filter>Source Files\src\condition</Filter>
    </ClCompile>
  </ItemGroup>
  <ItemGroup>
    <ClInclude Include="src\ConnectionPool.h">
      <Filter>Header Files\src</Filter>
    </ClInclude>
    <ClInclude Include="src\DaoUtil.h">
      <Filter>Header Files\src</Filter>
    </ClInclude>
    <ClInclude Include="src\EntityConditionInterface.h">
      <Filter>Header Files\src</Filter>
    </ClInclude>
    <ClInclude Include="src\EntityConditions.h">
      <Filter>Header Files\src</Filter>
    </ClInclude>
    <ClInclude Include="src\EntityField.h">
      <Filter>Header Files\src</Filter>
    </ClInclude>
    <ClInclude Include="src\EntityFunction.h">
      <Filter>Header Files\src</Filter>
    </ClInclude>
    <ClInclude Include="src\DbConfig.h">
      <Filter>Header Files\src</Filter>
    </ClInclude>
    <ClInclude Include="src\DbLoader.h">
      <Filter>Header Files\src</Filter>
    </ClInclude>
    <ClInclude Include="src\DbExceptionHandler.h">
      <Filter>Header Files\src</Filter>
    </ClInclude>
    <ClInclude Include="test\RunnableHandler.h">
      <Filter>Header Files\test</Filter>
    </ClInclude>
    <ClInclude Include="src\query\BaseQuery.h">
      <Filter>Header Files\src\query</Filter>
    </ClInclude>
    <ClInclude Include="src\dbclients\AbstractClient.h">
      <Filter>Header Files\src\dbclients</Filter>
    </ClInclude>
    <ClInclude Include="src\dbclients\SqliteClient.h">
      <Filter>Header Files\src\dbclients</Filter>
    </ClInclude>
    <ClInclude Include="src\dbclients\MysqlClient.h">
      <Filter>Header Files\src\dbclients</Filter>
    </ClInclude>
    <ClInclude Include="src\dbclients\SqlServerClient.h">
      <Filter>Header Files\src\dbclients</Filter>
    </ClInclude>
    <ClInclude Include="test\sqliteentity\SqliteTest1.h">
      <Filter>Header Files\test\sqliteentity</Filter>
    </ClInclude>
    <ClInclude Include="test\sqliteentity\SqliteTest2.h">
      <Filter>Header Files\test\sqliteentity</Filter>
    </ClInclude>
    <ClInclude Include="src\condition\EntityField.h">
      <Filter>Header Files\src\condition</Filter>
    </ClInclude>
    <ClInclude Include="src\condition\EntityCondition.h">
      <Filter>Header Files\src\condition</Filter>
    </ClInclude>
    <ClInclude Include="src\condition\Connector.h">
      <Filter>Header Files\src\condition</Filter>
    </ClInclude>
    <ClInclude Include="src\condition\ConditionConstraint.h">
      <Filter>Header Files\src\condition</Filter>
    </ClInclude>
    <ClInclude Include="src\condition\ConditionOperator.h">
      <Filter>Header Files\src\condition</Filter>
    </ClInclude>
    <ClInclude Include="src\builder\QueryBuilder.h">
      <Filter>Header Files\src\builder</Filter>
    </ClInclude>
    <ClInclude Include="src\query\Insert.h">
      <Filter>Header Files\src\query</Filter>
    </ClInclude>
    <ClInclude Include="src\dao.h">
      <Filter>Header Files\src</Filter>
    </ClInclude>
    <ClInclude Include="src\condition\EntityConditionData.h">
      <Filter>Header Files\src\condition</Filter>
    </ClInclude>
    <ClInclude Include="src\condition\ConnectorData.h">
      <Filter>Header Files\src\condition</Filter>
    </ClInclude>
    <ClInclude Include="src\query\Select.h">
      <Filter>Header Files\src\query</Filter>
    </ClInclude>
    <ClInclude Include="src\builder\InsertBuilder.h">
      <Filter>Header Files\src\builder</Filter>
    </ClInclude>
    <ClInclude Include="src\builder\SelectBuilder.h">
      <Filter>Header Files\src\builder</Filter>
    </ClInclude>
  </ItemGroup>
  <ItemGroup>
    <Xml Include="entity\dao_entity.xml">
      <Filter>Header Files\entity</Filter>
    </Xml>
    <Xml Include="entity\sqlite_entity.xml">
      <Filter>Header Files\entity</Filter>
    </Xml>
    <Xml Include="entity\mysql_entity.xml">
      <Filter>Header Files\entity</Filter>
    </Xml>
    <Xml Include="test\sqliteentity\sqlite_entity.xml">
      <Filter>Header Files\test\sqliteentity</Filter>
    </Xml>
    <Xml Include="test\sqliteentity\sqlite_cfg.xml">
      <Filter>Resource Files</Filter>
    </Xml>
    <Xml Include="test\sqliteentity\sqlite_cfg2.xml">
      <Filter>Resource Files</Filter>
    </Xml>
  </ItemGroup>
  <ItemGroup>
    <Xsd Include="entity\dao_entity.xsd">
      <Filter>Header Files\entity</Filter>
    </Xsd>
    <Xsd Include="entity\mysql_entity.xsd">
      <Filter>Header Files\entity</Filter>
    </Xsd>
    <Xsd Include="entity\sqlite_entity.xsd">
      <Filter>Header Files\entity</Filter>
    </Xsd>
    <Xsd Include="entity\dao_cfg.xsd">
      <Filter>Resource Files</Filter>
    </Xsd>
  </ItemGroup>
  <ItemGroup>
    <QtMoc Include="test\ConnectionPoolTest.h">
      <Filter>Header Files\test</Filter>
    </QtMoc>
    <QtMoc Include="test\query\BaseQueryTest.h">
      <Filter>Header Files\test\query</Filter>
    </QtMoc>
    <QtMoc Include="test\loader\DbLoaderTest.h">
      <Filter>Header Files\test\loader</Filter>
    </QtMoc>
    <QtMoc Include="test\sqliteentity\EntityInclude.h">
      <Filter>Header Files\test\sqliteentity</Filter>
    </QtMoc>
    <QtMoc Include="test\condition\ConnectorTest.h">
      <Filter>Header Files\test\condition</Filter>
    </QtMoc>
    <QtMoc Include="test\query\InsertTest.h">
      <Filter>Header Files\test\query</Filter>
    </QtMoc>
  </ItemGroup>
  <ItemGroup>
    <QtRcc Include="resource.qrc">
      <Filter>Resource Files</Filter>
    </QtRcc>
  </ItemGroup>
  <ItemGroup>
    <None Include="readme.md">
      <Filter>Resource Files</Filter>
    </None>
  </ItemGroup>
</Project>