<?xml version="1.0" encoding="utf-8"?>
<Project ToolsVersion="4.0" xmlns="http://schemas.microsoft.com/developer/msbuild/2003">
  <ItemGroup>
    <Filter Include="Source Files">
      <UniqueIdentifier>{4FC737F1-C7A5-4376-A066-2A32D752A2FF}</UniqueIdentifier>
      <Extensions>cpp;c;cc;cxx;def;odl;idl;hpj;bat;asm;asmx</Extensions>
    </Filter>
    <Filter Include="Header Files">
      <UniqueIdentifier>{93995380-89BD-4b04-88EB-625FBE52EBFB}</UniqueIdentifier>
      <Extensions>h;hh;hpp;hxx;hm;inl;inc;xsd</Extensions>
    </Filter>
    <Filter Include="Resource Files">
      <UniqueIdentifier>{67DA6AB6-F800-4c08-8B7A-83BB121AAD01}</UniqueIdentifier>
      <Extensions>rc;ico;cur;bmp;dlg;rc2;rct;bin;rgs;gif;jpg;jpeg;jpe;resx;tiff;tif;png;wav;mfcribbon-ms</Extensions>
    </Filter>
    <Filter Include="Resource Files">
      <UniqueIdentifier>{D9D6E242-F8AF-46E4-B9FD-80ECBC20BA3E}</UniqueIdentifier>
      <Extensions>qrc;*</Extensions>
      <ParseFiles>false</ParseFiles>
    </Filter>
    <Filter Include="Source Files\src">
      <UniqueIdentifier>{2f2a9901-78bf-42f6-b816-2f54c7fdb232}</UniqueIdentifier>
    </Filter>
    <Filter Include="Header Files\src">
      <UniqueIdentifier>{708e9fbc-1dee-47a5-aa18-85f4f7e15fd4}</UniqueIdentifier>
    </Filter>
    <Filter Include="Header Files\entity">
      <UniqueIdentifier>{917d98e0-d0a9-4bcf-9418-b927678f4b83}</UniqueIdentifier>
    </Filter>
    <Filter Include="Header Files\test">
      <UniqueIdentifier>{061c9037-8f76-492b-8291-fc9aedc4feb8}</UniqueIdentifier>
    </Filter>
    <Filter Include="Source Files\test">
      <UniqueIdentifier>{a29209db-bebc-413a-b062-ad5c1afbe151}</UniqueIdentifier>
    </Filter>
  </ItemGroup>
  <ItemGroup>
    <ClCompile Include="main.cpp">
      <Filter>Source Files</Filter>
    </ClCompile>
    <ClCompile Include="src\ConnectionPool.cpp">
      <Filter>Source Files\src</Filter>
    </ClCompile>
    <ClCompile Include="src\DaoUtil.cpp">
      <Filter>Source Files\src</Filter>
    </ClCompile>
    <ClCompile Include="src\EntityConditions.cpp">
      <Filter>Source Files\src</Filter>
    </ClCompile>
    <ClCompile Include="src\EntityField.cpp">
      <Filter>Source Files\src</Filter>
    </ClCompile>
    <ClCompile Include="src\EntityFunction.cpp">
      <Filter>Source Files\src</Filter>
    </ClCompile>
    <ClCompile Include="src\DbLoader.cpp">
      <Filter>Source Files\src</Filter>
    </ClCompile>
  </ItemGroup>
  <ItemGroup>
    <ClInclude Include="src\ConnectionPool.h">
      <Filter>Header Files\src</Filter>
    </ClInclude>
    <ClInclude Include="src\DaoUtil.h">
      <Filter>Header Files\src</Filter>
    </ClInclude>
    <ClInclude Include="src\EntityConditionInterface.h">
      <Filter>Header Files\src</Filter>
    </ClInclude>
    <ClInclude Include="src\EntityConditions.h">
      <Filter>Header Files\src</Filter>
    </ClInclude>
    <ClInclude Include="src\EntityField.h">
      <Filter>Header Files\src</Filter>
    </ClInclude>
    <ClInclude Include="src\EntityFunction.h">
      <Filter>Header Files\src</Filter>
    </ClInclude>
    <ClInclude Include="src\DbConfig.h">
      <Filter>Header Files\src</Filter>
    </ClInclude>
    <ClInclude Include="src\DbLoader.h">
      <Filter>Header Files\src</Filter>
    </ClInclude>
    <ClInclude Include="src\DbExceptionHandler.h">
      <Filter>Header Files\src</Filter>
    </ClInclude>
  </ItemGroup>
  <ItemGroup>
    <Xml Include="entity\dao_entity.xml">
      <Filter>Header Files\entity</Filter>
    </Xml>
    <Xml Include="entity\sqlite_entity.xml">
      <Filter>Header Files\entity</Filter>
    </Xml>
    <Xml Include="entity\mysql_entity.xml">
      <Filter>Header Files\entity</Filter>
    </Xml>
    <Xml Include="entity\dao_cfg.xml">
      <Filter>Resource Files</Filter>
    </Xml>
  </ItemGroup>
  <ItemGroup>
    <Xsd Include="entity\dao_entity.xsd">
      <Filter>Header Files\entity</Filter>
    </Xsd>
    <Xsd Include="entity\mysql_entity.xsd">
      <Filter>Header Files\entity</Filter>
    </Xsd>
    <Xsd Include="entity\sqlite_entity.xsd">
      <Filter>Header Files\entity</Filter>
    </Xsd>
    <Xsd Include="entity\dao_cfg.xsd">
      <Filter>Resource Files</Filter>
    </Xsd>
  </ItemGroup>
</Project>